
Microsoft Visual Studio Solution File, Format Version 12.00
# Visual Studio Version 16
VisualStudioVersion = 16.0.30611.23
MinimumVisualStudioVersion = 10.0.40219.1
Project("{FAE04EC0-301F-11D3-BF4B-00C04F79EFBC}") = "MovieRentalAssignment", "MovieRentalAssignment\MovieRentalAssignment.csproj", "{DB893C86-7E43-4DAB-A702-527180DA2FF4}"
EndProject
Project("{FAE04EC0-301F-11D3-BF4B-00C04F79EFBC}") = "MyTesting", "MyTesting\MyTesting.csproj", "{D7A324A7-5A85-45C6-B2C2-7B1EE638C654}"
EndProject
Global
	GlobalSection(SolutionConfigurationPlatforms) = preSolution
		Debug|Any CPU = Debug|Any CPU
		Release|Any CPU = Release|Any CPU
	EndGlobalSection
	GlobalSection(ProjectConfigurationPlatforms) = postSolution
		{DB893C86-7E43-4DAB-A702-527180DA2FF4}.Debug|Any CPU.ActiveCfg = Debug|Any CPU
		{DB893C86-7E43-4DAB-A702-527180DA2FF4}.Debug|Any CPU.Build.0 = Debug|Any CPU
		{DB893C86-7E43-4DAB-A702-527180DA2FF4}.Release|Any CPU.ActiveCfg = Release|Any CPU
		{DB893C86-7E43-4DAB-A702-527180DA2FF4}.Release|Any CPU.Build.0 = Release|Any CPU
		{D7A324A7-5A85-45C6-B2C2-7B1EE638C654}.Debug|Any CPU.ActiveCfg = Debug|Any CPU
		{D7A324A7-5A85-45C6-B2C2-7B1EE638C654}.Debug|Any CPU.Build.0 = Debug|Any CPU
		{D7A324A7-5A85-45C6-B2C2-7B1EE638C654}.Release|Any CPU.ActiveCfg = Release|Any CPU
		{D7A324A7-5A85-45C6-B2C2-7B1EE638C654}.Release|Any CPU.Build.0 = Release|Any CPU
	EndGlobalSection
	GlobalSection(SolutionProperties) = preSolution
		HideSolutionNode = FALSE
	EndGlobalSection
	GlobalSection(ExtensibilityGlobals) = postSolution
		SolutionGuid = {D9E83034-9CC6-41EC-BA1D-0E2413D798D0}
	EndGlobalSection
EndGlobal
